# This file is automatically @generated by Cargo.
# It is not intended for manual editing.
version = 4

[[package]]
name = "cargo-contract"
version = "0.1.0"

[[package]]
name = "cli"
version = "0.1.0"
dependencies = [
 "config",
 "keystore",
 "types",
]

[[package]]
name = "codec"
version = "0.1.0"
dependencies = [
 "types",
]

[[package]]
name = "config"
version = "0.1.0"

[[package]]
name = "consensus"
version = "0.1.0"
dependencies = [
 "crypto",
 "types",
]

[[package]]
name = "contract-sdk"
version = "0.1.0"
dependencies = [
 "types",
]

[[package]]
name = "crypto"
version = "0.1.0"
dependencies = [
 "types",
]

[[package]]
name = "daemon"
version = "0.1.0"
dependencies = [
 "config",
 "node",
 "types",
]

[[package]]
name = "dns"
version = "0.1.0"
dependencies = [
 "types",
]

[[package]]
name = "execution"
version = "0.1.0"
dependencies = [
 "state",
 "transaction",
 "types",
]

[[package]]
name = "genesis"
version = "0.1.0"
dependencies = [
 "codec",
 "crypto",
 "types",
]

[[package]]
name = "id"
version = "0.1.0"
dependencies = [
 "crypto",
 "types",
]

[[package]]
name = "integration"
version = "0.1.0"
dependencies = [
 "codec",
 "config",
 "consensus",
 "crypto",
 "dns",
 "execution",
 "genesis",
 "id",
 "keystore",
 "mempool",
 "node",
 "p2p",
 "pages",
 "proxy",
 "rpc",
 "state",
 "storage",
 "sync",
 "telemetry",
 "testkit",
 "transaction",
 "types",
]

[[package]]
name = "keystore"
version = "0.1.0"
dependencies = [
 "types",
]

[[package]]
name = "mempool"
version = "0.1.0"
dependencies = [
 "types",
]

[[package]]
name = "node"
version = "0.1.0"
dependencies = [
 "consensus",
 "execution",
 "p2p",
 "state",
 "types",
]

[[package]]
name = "p2p"
version = "0.1.0"
dependencies = [
 "types",
]

[[package]]
name = "pages"
version = "0.1.0"
dependencies = [
 "types",
]

[[package]]
name = "proxy"
version = "0.1.0"
dependencies = [
 "types",
]

[[package]]
name = "rpc"
version = "0.1.0"
dependencies = [
 "types",
]

[[package]]
name = "runtime"
version = "0.1.0"
dependencies = [
 "types",
]

[[package]]
name = "state"
version = "0.1.0"
dependencies = [
 "types",
]

[[package]]
name = "storage"
version = "0.1.0"
dependencies = [
 "state",
 "types",
]

[[package]]
name = "sync"
version = "0.1.0"
dependencies = [
 "types",
]

[[package]]
name = "telemetry"
version = "0.1.0"

[[package]]
name = "testkit"
version = "0.1.0"
dependencies = [
 "types",
]

[[package]]
name = "transaction"
version = "0.1.0"
dependencies = [
 "types",
]

[[package]]
name = "types"
version = "0.1.0"
